
Microsoft Visual Studio Solution File, Format Version 12.00
# Visual Studio 15
VisualStudioVersion = 15.0.27428.2015
MinimumVisualStudioVersion = 10.0.40219.1
Project("{FAE04EC0-301F-11D3-BF4B-00C04F79EFBC}") = "StringCalculatorApp", "StringCalculatorApp\StringCalculatorApp.csproj", "{A78EE372-7E49-4246-BB62-832F8223AED2}"
EndProject
Project("{FAE04EC0-301F-11D3-BF4B-00C04F79EFBC}") = "StringCalculatorTests", "StringCalculatorTests\StringCalculatorTests.csproj", "{3576FE01-CF10-4087-97CE-284866DF30B9}"
EndProject
Global
	GlobalSection(SolutionConfigurationPlatforms) = preSolution
		Debug|Any CPU = Debug|Any CPU
		Release|Any CPU = Release|Any CPU
	EndGlobalSection
	GlobalSection(ProjectConfigurationPlatforms) = postSolution
		{A78EE372-7E49-4246-BB62-832F8223AED2}.Debug|Any CPU.ActiveCfg = Debug|Any CPU
		{A78EE372-7E49-4246-BB62-832F8223AED2}.Debug|Any CPU.Build.0 = Debug|Any CPU
		{A78EE372-7E49-4246-BB62-832F8223AED2}.Release|Any CPU.ActiveCfg = Release|Any CPU
		{A78EE372-7E49-4246-BB62-832F8223AED2}.Release|Any CPU.Build.0 = Release|Any CPU
		{3576FE01-CF10-4087-97CE-284866DF30B9}.Debug|Any CPU.ActiveCfg = Debug|Any CPU
		{3576FE01-CF10-4087-97CE-284866DF30B9}.Debug|Any CPU.Build.0 = Debug|Any CPU
		{3576FE01-CF10-4087-97CE-284866DF30B9}.Release|Any CPU.ActiveCfg = Release|Any CPU
		{3576FE01-CF10-4087-97CE-284866DF30B9}.Release|Any CPU.Build.0 = Release|Any CPU
	EndGlobalSection
	GlobalSection(SolutionProperties) = preSolution
		HideSolutionNode = FALSE
	EndGlobalSection
	GlobalSection(ExtensibilityGlobals) = postSolution
		SolutionGuid = {95AE8A7E-29E4-4DE4-BE2D-DD4B108C2D90}
	EndGlobalSection
EndGlobal
